
Microsoft Visual Studio Solution File, Format Version 12.00
# Visual Studio Version 17
VisualStudioVersion = 17.0.31903.59
MinimumVisualStudioVersion = 10.0.40219.1
Project("{FAE04EC0-301F-11D3-BF4B-00C04F79EFBC}") = "API", "API\API.csproj", "{08E90E8E-B54D-4B91-9EF2-91472287A51B}"
EndProject
Global
	GlobalSection(SolutionConfigurationPlatforms) = preSolution
		Debug|Any CPU = Debug|Any CPU
		Release|Any CPU = Release|Any CPU
	EndGlobalSection
	GlobalSection(SolutionProperties) = preSolution
		HideSolutionNode = FALSE
	EndGlobalSection
	GlobalSection(ProjectConfigurationPlatforms) = postSolution
		{08E90E8E-B54D-4B91-9EF2-91472287A51B}.Debug|Any CPU.ActiveCfg = Debug|Any CPU
		{08E90E8E-B54D-4B91-9EF2-91472287A51B}.Debug|Any CPU.Build.0 = Debug|Any CPU
		{08E90E8E-B54D-4B91-9EF2-91472287A51B}.Release|Any CPU.ActiveCfg = Release|Any CPU
		{08E90E8E-B54D-4B91-9EF2-91472287A51B}.Release|Any CPU.Build.0 = Release|Any CPU
	EndGlobalSection
EndGlobal
